
Microsoft Visual Studio Solution File, Format Version 12.00
# Visual Studio Version 17
VisualStudioVersion = 17.4.33213.308
MinimumVisualStudioVersion = 10.0.40219.1
Project("{9A19103F-16F7-4668-BE54-9A1E7A4F7556}") = "CoreApi", "CoreApi.csproj", "{A1A02257-C74B-4D91-8F99-9C77717B8B2F}"
EndProject
Project("{9A19103F-16F7-4668-BE54-9A1E7A4F7556}") = "BestDealLib", "..\BestDealLib\BestDealLib.csproj", "{9F68F3FA-0A18-4A7D-8479-C2CFA6515A9D}"
EndProject
Global
	GlobalSection(SolutionConfigurationPlatforms) = preSolution
		Debug|Any CPU = Debug|Any CPU
		Release|Any CPU = Release|Any CPU
	EndGlobalSection
	GlobalSection(ProjectConfigurationPlatforms) = postSolution
		{A1A02257-C74B-4D91-8F99-9C77717B8B2F}.Debug|Any CPU.ActiveCfg = Debug|Any CPU
		{A1A02257-C74B-4D91-8F99-9C77717B8B2F}.Debug|Any CPU.Build.0 = Debug|Any CPU
		{A1A02257-C74B-4D91-8F99-9C77717B8B2F}.Release|Any CPU.ActiveCfg = Release|Any CPU
		{A1A02257-C74B-4D91-8F99-9C77717B8B2F}.Release|Any CPU.Build.0 = Release|Any CPU
		{9F68F3FA-0A18-4A7D-8479-C2CFA6515A9D}.Debug|Any CPU.ActiveCfg = Debug|Any CPU
		{9F68F3FA-0A18-4A7D-8479-C2CFA6515A9D}.Debug|Any CPU.Build.0 = Debug|Any CPU
		{9F68F3FA-0A18-4A7D-8479-C2CFA6515A9D}.Release|Any CPU.ActiveCfg = Release|Any CPU
		{9F68F3FA-0A18-4A7D-8479-C2CFA6515A9D}.Release|Any CPU.Build.0 = Release|Any CPU
	EndGlobalSection
	GlobalSection(SolutionProperties) = preSolution
		HideSolutionNode = FALSE
	EndGlobalSection
	GlobalSection(ExtensibilityGlobals) = postSolution
		SolutionGuid = {CD6B7A73-2374-4F4B-99F5-9722A4D9FD7A}
	EndGlobalSection
EndGlobal
